// !$*UTF8*$!
{
	archiveVersion = 1;
	classes = {
	};
	objectVersion = 55;
	objects = {

/* Begin PBXBuildFile section */
		512A20582A5E4A56007F527A /* CharacterCollectionViewCell.swift in Sources */ = {isa = PBXBuildFile; fileRef = 512A20572A5E4A56007F527A /* CharacterCollectionViewCell.swift */; };
		512A205A2A5E764A007F527A /* CharacterCollectionViewCellViewModel.swift in Sources */ = {isa = PBXBuildFile; fileRef = 512A20592A5E7649007F527A /* CharacterCollectionViewCellViewModel.swift */; };
		51860AF72A5546AC006B26A3 /* AppDelegate.swift in Sources */ = {isa = PBXBuildFile; fileRef = 51860AF62A5546AC006B26A3 /* AppDelegate.swift */; };
		51860AF92A5546AC006B26A3 /* SceneDelegate.swift in Sources */ = {isa = PBXBuildFile; fileRef = 51860AF82A5546AC006B26A3 /* SceneDelegate.swift */; };
		51860AFB2A5546AC006B26A3 /* MainTabBarController.swift in Sources */ = {isa = PBXBuildFile; fileRef = 51860AFA2A5546AC006B26A3 /* MainTabBarController.swift */; };
		51860B002A5546B0006B26A3 /* Assets.xcassets in Resources */ = {isa = PBXBuildFile; fileRef = 51860AFF2A5546B0006B26A3 /* Assets.xcassets */; };
		51860B032A5546B0006B26A3 /* LaunchScreen.storyboard in Resources */ = {isa = PBXBuildFile; fileRef = 51860B012A5546B0006B26A3 /* LaunchScreen.storyboard */; };
		51860B122A554BB8006B26A3 /* Location.swift in Sources */ = {isa = PBXBuildFile; fileRef = 51860B112A554BB8006B26A3 /* Location.swift */; };
		51860B142A554BC2006B26A3 /* Character.swift in Sources */ = {isa = PBXBuildFile; fileRef = 51860B132A554BC2006B26A3 /* Character.swift */; };
		51860B162A554BDA006B26A3 /* Episode.swift in Sources */ = {isa = PBXBuildFile; fileRef = 51860B152A554BDA006B26A3 /* Episode.swift */; };
		51860B192A5572BA006B26A3 /* CharacterViewController.swift in Sources */ = {isa = PBXBuildFile; fileRef = 51860B182A5572BA006B26A3 /* CharacterViewController.swift */; };
		51860B1B2A5572C7006B26A3 /* LocationViewController.swift in Sources */ = {isa = PBXBuildFile; fileRef = 51860B1A2A5572C7006B26A3 /* LocationViewController.swift */; };
		51860B1D2A5572D1006B26A3 /* EpisodeViewController.swift in Sources */ = {isa = PBXBuildFile; fileRef = 51860B1C2A5572D1006B26A3 /* EpisodeViewController.swift */; };
		51860B1F2A5572F0006B26A3 /* SettingsViewController.swift in Sources */ = {isa = PBXBuildFile; fileRef = 51860B1E2A5572F0006B26A3 /* SettingsViewController.swift */; };
		51860B212A563260006B26A3 /* NetworkService.swift in Sources */ = {isa = PBXBuildFile; fileRef = 51860B202A56325F006B26A3 /* NetworkService.swift */; };
		51860B232A56330F006B26A3 /* NetworkRequest.swift in Sources */ = {isa = PBXBuildFile; fileRef = 51860B222A56330F006B26A3 /* NetworkRequest.swift */; };
		51860B252A563478006B26A3 /* Endpoint.swift in Sources */ = {isa = PBXBuildFile; fileRef = 51860B242A563478006B26A3 /* Endpoint.swift */; };
		51860B272A566B50006B26A3 /* Origin.swift in Sources */ = {isa = PBXBuildFile; fileRef = 51860B262A566B50006B26A3 /* Origin.swift */; };
		51860B292A566BF4006B26A3 /* SingleLocation.swift in Sources */ = {isa = PBXBuildFile; fileRef = 51860B282A566BF4006B26A3 /* SingleLocation.swift */; };
		51860B2B2A566F70006B26A3 /* CharacterStatus.swift in Sources */ = {isa = PBXBuildFile; fileRef = 51860B2A2A566F70006B26A3 /* CharacterStatus.swift */; };
		51860B2D2A566FFB006B26A3 /* CharacterGender.swift in Sources */ = {isa = PBXBuildFile; fileRef = 51860B2C2A566FFB006B26A3 /* CharacterGender.swift */; };
		51860B312A579C9A006B26A3 /* GetAllCharacterResponse.swift in Sources */ = {isa = PBXBuildFile; fileRef = 51860B302A579C9A006B26A3 /* GetAllCharacterResponse.swift */; };
		51860B332A580B72006B26A3 /* CharacterListViewModel.swift in Sources */ = {isa = PBXBuildFile; fileRef = 51860B322A580B72006B26A3 /* CharacterListViewModel.swift */; };
		51860B352A580C38006B26A3 /* CharacterListView.swift in Sources */ = {isa = PBXBuildFile; fileRef = 51860B342A580C38006B26A3 /* CharacterListView.swift */; };
		51860B372A581F74006B26A3 /* Extensions.swift in Sources */ = {isa = PBXBuildFile; fileRef = 51860B362A581F74006B26A3 /* Extensions.swift */; };
/* End PBXBuildFile section */

/* Begin PBXFileReference section */
		512A20572A5E4A56007F527A /* CharacterCollectionViewCell.swift */ = {isa = PBXFileReference; lastKnownFileType = sourcecode.swift; path = CharacterCollectionViewCell.swift; sourceTree = "<group>"; };
		512A20592A5E7649007F527A /* CharacterCollectionViewCellViewModel.swift */ = {isa = PBXFileReference; lastKnownFileType = sourcecode.swift; path = CharacterCollectionViewCellViewModel.swift; sourceTree = "<group>"; };
		51860AF32A5546AC006B26A3 /* RickAndMorty.app */ = {isa = PBXFileReference; explicitFileType = wrapper.application; includeInIndex = 0; path = RickAndMorty.app; sourceTree = BUILT_PRODUCTS_DIR; };
		51860AF62A5546AC006B26A3 /* AppDelegate.swift */ = {isa = PBXFileReference; lastKnownFileType = sourcecode.swift; path = AppDelegate.swift; sourceTree = "<group>"; };
		51860AF82A5546AC006B26A3 /* SceneDelegate.swift */ = {isa = PBXFileReference; lastKnownFileType = sourcecode.swift; path = SceneDelegate.swift; sourceTree = "<group>"; };
		51860AFA2A5546AC006B26A3 /* MainTabBarController.swift */ = {isa = PBXFileReference; lastKnownFileType = sourcecode.swift; path = MainTabBarController.swift; sourceTree = "<group>"; };
		51860AFF2A5546B0006B26A3 /* Assets.xcassets */ = {isa = PBXFileReference; lastKnownFileType = folder.assetcatalog; path = Assets.xcassets; sourceTree = "<group>"; };
		51860B022A5546B0006B26A3 /* Base */ = {isa = PBXFileReference; lastKnownFileType = file.storyboard; name = Base; path = Base.lproj/LaunchScreen.storyboard; sourceTree = "<group>"; };
		51860B042A5546B0006B26A3 /* Info.plist */ = {isa = PBXFileReference; lastKnownFileType = text.plist.xml; path = Info.plist; sourceTree = "<group>"; };
		51860B112A554BB8006B26A3 /* Location.swift */ = {isa = PBXFileReference; lastKnownFileType = sourcecode.swift; path = Location.swift; sourceTree = "<group>"; };
		51860B132A554BC2006B26A3 /* Character.swift */ = {isa = PBXFileReference; lastKnownFileType = sourcecode.swift; path = Character.swift; sourceTree = "<group>"; };
		51860B152A554BDA006B26A3 /* Episode.swift */ = {isa = PBXFileReference; lastKnownFileType = sourcecode.swift; path = Episode.swift; sourceTree = "<group>"; };
		51860B182A5572BA006B26A3 /* CharacterViewController.swift */ = {isa = PBXFileReference; lastKnownFileType = sourcecode.swift; path = CharacterViewController.swift; sourceTree = "<group>"; };
		51860B1A2A5572C7006B26A3 /* LocationViewController.swift */ = {isa = PBXFileReference; lastKnownFileType = sourcecode.swift; path = LocationViewController.swift; sourceTree = "<group>"; };
		51860B1C2A5572D1006B26A3 /* EpisodeViewController.swift */ = {isa = PBXFileReference; lastKnownFileType = sourcecode.swift; path = EpisodeViewController.swift; sourceTree = "<group>"; };
		51860B1E2A5572F0006B26A3 /* SettingsViewController.swift */ = {isa = PBXFileReference; lastKnownFileType = sourcecode.swift; path = SettingsViewController.swift; sourceTree = "<group>"; };
		51860B202A56325F006B26A3 /* NetworkService.swift */ = {isa = PBXFileReference; lastKnownFileType = sourcecode.swift; path = NetworkService.swift; sourceTree = "<group>"; };
		51860B222A56330F006B26A3 /* NetworkRequest.swift */ = {isa = PBXFileReference; lastKnownFileType = sourcecode.swift; path = NetworkRequest.swift; sourceTree = "<group>"; };
		51860B242A563478006B26A3 /* Endpoint.swift */ = {isa = PBXFileReference; lastKnownFileType = sourcecode.swift; path = Endpoint.swift; sourceTree = "<group>"; };
		51860B262A566B50006B26A3 /* Origin.swift */ = {isa = PBXFileReference; lastKnownFileType = sourcecode.swift; path = Origin.swift; sourceTree = "<group>"; };
		51860B282A566BF4006B26A3 /* SingleLocation.swift */ = {isa = PBXFileReference; lastKnownFileType = sourcecode.swift; path = SingleLocation.swift; sourceTree = "<group>"; };
		51860B2A2A566F70006B26A3 /* CharacterStatus.swift */ = {isa = PBXFileReference; lastKnownFileType = sourcecode.swift; path = CharacterStatus.swift; sourceTree = "<group>"; };
		51860B2C2A566FFB006B26A3 /* CharacterGender.swift */ = {isa = PBXFileReference; lastKnownFileType = sourcecode.swift; path = CharacterGender.swift; sourceTree = "<group>"; };
		51860B302A579C9A006B26A3 /* GetAllCharacterResponse.swift */ = {isa = PBXFileReference; lastKnownFileType = sourcecode.swift; path = GetAllCharacterResponse.swift; sourceTree = "<group>"; };
		51860B322A580B72006B26A3 /* CharacterListViewModel.swift */ = {isa = PBXFileReference; lastKnownFileType = sourcecode.swift; path = CharacterListViewModel.swift; sourceTree = "<group>"; };
		51860B342A580C38006B26A3 /* CharacterListView.swift */ = {isa = PBXFileReference; lastKnownFileType = sourcecode.swift; path = CharacterListView.swift; sourceTree = "<group>"; };
		51860B362A581F74006B26A3 /* Extensions.swift */ = {isa = PBXFileReference; lastKnownFileType = sourcecode.swift; path = Extensions.swift; sourceTree = "<group>"; };
/* End PBXFileReference section */

/* Begin PBXFrameworksBuildPhase section */
		51860AF02A5546AC006B26A3 /* Frameworks */ = {
			isa = PBXFrameworksBuildPhase;
			buildActionMask = 2147483647;
			files = (
			);
			runOnlyForDeploymentPostprocessing = 0;
		};
/* End PBXFrameworksBuildPhase section */

/* Begin PBXGroup section */
		51860AEA2A5546AC006B26A3 = {
			isa = PBXGroup;
			children = (
				51860AF52A5546AC006B26A3 /* RickAndMorty */,
				51860AF42A5546AC006B26A3 /* Products */,
			);
			sourceTree = "<group>";
		};
		51860AF42A5546AC006B26A3 /* Products */ = {
			isa = PBXGroup;
			children = (
				51860AF32A5546AC006B26A3 /* RickAndMorty.app */,
			);
			name = Products;
			sourceTree = "<group>";
		};
		51860AF52A5546AC006B26A3 /* RickAndMorty */ = {
			isa = PBXGroup;
			children = (
				51860B102A554A6B006B26A3 /* Resources */,
				51860B0F2A554A50006B26A3 /* ApiClient */,
				51860B0E2A554A44006B26A3 /* Managers */,
				51860B0D2A554A0B006B26A3 /* ViewModels */,
				51860B0C2A5549E0006B26A3 /* Views */,
				51860B0B2A5549C6006B26A3 /* Models */,
				51860B0A2A5549A9006B26A3 /* Controllers */,
				51860B042A5546B0006B26A3 /* Info.plist */,
			);
			path = RickAndMorty;
			sourceTree = "<group>";
		};
		51860B0A2A5549A9006B26A3 /* Controllers */ = {
			isa = PBXGroup;
			children = (
				51860B172A557226006B26A3 /* Core */,
			);
			path = Controllers;
			sourceTree = "<group>";
		};
		51860B0B2A5549C6006B26A3 /* Models */ = {
			isa = PBXGroup;
			children = (
				51860B2F2A579C2B006B26A3 /* APIResponseType */,
				51860B2E2A579C07006B26A3 /* DataTypes */,
			);
			path = Models;
			sourceTree = "<group>";
		};
		51860B0C2A5549E0006B26A3 /* Views */ = {
			isa = PBXGroup;
			children = (
				51860B342A580C38006B26A3 /* CharacterListView.swift */,
				512A20572A5E4A56007F527A /* CharacterCollectionViewCell.swift */,
			);
			path = Views;
			sourceTree = "<group>";
		};
		51860B0D2A554A0B006B26A3 /* ViewModels */ = {
			isa = PBXGroup;
			children = (
				51860B322A580B72006B26A3 /* CharacterListViewModel.swift */,
				512A20592A5E7649007F527A /* CharacterCollectionViewCellViewModel.swift */,
			);
			path = ViewModels;
			sourceTree = "<group>";
		};
		51860B0E2A554A44006B26A3 /* Managers */ = {
			isa = PBXGroup;
			children = (
			);
			path = Managers;
			sourceTree = "<group>";
		};
		51860B0F2A554A50006B26A3 /* ApiClient */ = {
			isa = PBXGroup;
			children = (
				51860B202A56325F006B26A3 /* NetworkService.swift */,
				51860B222A56330F006B26A3 /* NetworkRequest.swift */,
				51860B242A563478006B26A3 /* Endpoint.swift */,
			);
			path = ApiClient;
			sourceTree = "<group>";
		};
		51860B102A554A6B006B26A3 /* Resources */ = {
			isa = PBXGroup;
			children = (
				51860AFF2A5546B0006B26A3 /* Assets.xcassets */,
				51860B012A5546B0006B26A3 /* LaunchScreen.storyboard */,
				51860AF62A5546AC006B26A3 /* AppDelegate.swift */,
				51860AF82A5546AC006B26A3 /* SceneDelegate.swift */,
				51860B362A581F74006B26A3 /* Extensions.swift */,
			);
			path = Resources;
			sourceTree = "<group>";
		};
		51860B172A557226006B26A3 /* Core */ = {
			isa = PBXGroup;
			children = (
				51860AFA2A5546AC006B26A3 /* MainTabBarController.swift */,
				51860B182A5572BA006B26A3 /* CharacterViewController.swift */,
				51860B1A2A5572C7006B26A3 /* LocationViewController.swift */,
				51860B1C2A5572D1006B26A3 /* EpisodeViewController.swift */,
				51860B1E2A5572F0006B26A3 /* SettingsViewController.swift */,
			);
			path = Core;
			sourceTree = "<group>";
		};
		51860B2E2A579C07006B26A3 /* DataTypes */ = {
			isa = PBXGroup;
			children = (
				51860B132A554BC2006B26A3 /* Character.swift */,
				51860B112A554BB8006B26A3 /* Location.swift */,
				51860B152A554BDA006B26A3 /* Episode.swift */,
				51860B2C2A566FFB006B26A3 /* CharacterGender.swift */,
				51860B2A2A566F70006B26A3 /* CharacterStatus.swift */,
				51860B282A566BF4006B26A3 /* SingleLocation.swift */,
				51860B262A566B50006B26A3 /* Origin.swift */,
			);
			path = DataTypes;
			sourceTree = "<group>";
		};
		51860B2F2A579C2B006B26A3 /* APIResponseType */ = {
			isa = PBXGroup;
			children = (
				51860B302A579C9A006B26A3 /* GetAllCharacterResponse.swift */,
			);
			path = APIResponseType;
			sourceTree = "<group>";
		};
/* End PBXGroup section */

/* Begin PBXNativeTarget section */
		51860AF22A5546AC006B26A3 /* RickAndMorty */ = {
			isa = PBXNativeTarget;
			buildConfigurationList = 51860B072A5546B1006B26A3 /* Build configuration list for PBXNativeTarget "RickAndMorty" */;
			buildPhases = (
				51860AEF2A5546AC006B26A3 /* Sources */,
				51860AF02A5546AC006B26A3 /* Frameworks */,
				51860AF12A5546AC006B26A3 /* Resources */,
			);
			buildRules = (
			);
			dependencies = (
			);
			name = RickAndMorty;
			productName = RickAndMorty;
			productReference = 51860AF32A5546AC006B26A3 /* RickAndMorty.app */;
			productType = "com.apple.product-type.application";
		};
/* End PBXNativeTarget section */

/* Begin PBXProject section */
		51860AEB2A5546AC006B26A3 /* Project object */ = {
			isa = PBXProject;
			attributes = {
				BuildIndependentTargetsInParallel = 1;
				LastSwiftUpdateCheck = 1340;
				LastUpgradeCheck = 1340;
				TargetAttributes = {
					51860AF22A5546AC006B26A3 = {
						CreatedOnToolsVersion = 13.4.1;
					};
				};
			};
			buildConfigurationList = 51860AEE2A5546AC006B26A3 /* Build configuration list for PBXProject "RickAndMorty" */;
			compatibilityVersion = "Xcode 13.0";
			developmentRegion = en;
			hasScannedForEncodings = 0;
			knownRegions = (
				en,
				Base,
			);
			mainGroup = 51860AEA2A5546AC006B26A3;
			productRefGroup = 51860AF42A5546AC006B26A3 /* Products */;
			projectDirPath = "";
			projectRoot = "";
			targets = (
				51860AF22A5546AC006B26A3 /* RickAndMorty */,
			);
		};
/* End PBXProject section */

/* Begin PBXResourcesBuildPhase section */
		51860AF12A5546AC006B26A3 /* Resources */ = {
			isa = PBXResourcesBuildPhase;
			buildActionMask = 2147483647;
			files = (
				51860B032A5546B0006B26A3 /* LaunchScreen.storyboard in Resources */,
				51860B002A5546B0006B26A3 /* Assets.xcassets in Resources */,
			);
			runOnlyForDeploymentPostprocessing = 0;
		};
/* End PBXResourcesBuildPhase section */

/* Begin PBXSourcesBuildPhase section */
		51860AEF2A5546AC006B26A3 /* Sources */ = {
			isa = PBXSourcesBuildPhase;
			buildActionMask = 2147483647;
			files = (
				51860B212A563260006B26A3 /* NetworkService.swift in Sources */,
				51860B2B2A566F70006B26A3 /* CharacterStatus.swift in Sources */,
				51860B352A580C38006B26A3 /* CharacterListView.swift in Sources */,
				51860AFB2A5546AC006B26A3 /* MainTabBarController.swift in Sources */,
				51860B1D2A5572D1006B26A3 /* EpisodeViewController.swift in Sources */,
				51860B252A563478006B26A3 /* Endpoint.swift in Sources */,
				51860B312A579C9A006B26A3 /* GetAllCharacterResponse.swift in Sources */,
				51860B162A554BDA006B26A3 /* Episode.swift in Sources */,
				51860B1F2A5572F0006B26A3 /* SettingsViewController.swift in Sources */,
				51860B192A5572BA006B26A3 /* CharacterViewController.swift in Sources */,
				51860AF72A5546AC006B26A3 /* AppDelegate.swift in Sources */,
				51860B142A554BC2006B26A3 /* Character.swift in Sources */,
				51860B122A554BB8006B26A3 /* Location.swift in Sources */,
				512A205A2A5E764A007F527A /* CharacterCollectionViewCellViewModel.swift in Sources */,
				51860B372A581F74006B26A3 /* Extensions.swift in Sources */,
				51860AF92A5546AC006B26A3 /* SceneDelegate.swift in Sources */,
				51860B232A56330F006B26A3 /* NetworkRequest.swift in Sources */,
				51860B1B2A5572C7006B26A3 /* LocationViewController.swift in Sources */,
				51860B2D2A566FFB006B26A3 /* CharacterGender.swift in Sources */,
				51860B272A566B50006B26A3 /* Origin.swift in Sources */,
				51860B292A566BF4006B26A3 /* SingleLocation.swift in Sources */,
				512A20582A5E4A56007F527A /* CharacterCollectionViewCell.swift in Sources */,
				51860B332A580B72006B26A3 /* CharacterListViewModel.swift in Sources */,
			);
			runOnlyForDeploymentPostprocessing = 0;
		};
/* End PBXSourcesBuildPhase section */

/* Begin PBXVariantGroup section */
		51860B012A5546B0006B26A3 /* LaunchScreen.storyboard */ = {
			isa = PBXVariantGroup;
			children = (
				51860B022A5546B0006B26A3 /* Base */,
			);
			name = LaunchScreen.storyboard;
			sourceTree = "<group>";
		};
/* End PBXVariantGroup section */

/* Begin XCBuildConfiguration section */
		51860B052A5546B1006B26A3 /* Debug */ = {
			isa = XCBuildConfiguration;
			buildSettings = {
				ALWAYS_SEARCH_USER_PATHS = NO;
				CLANG_ANALYZER_NONNULL = YES;
				CLANG_ANALYZER_NUMBER_OBJECT_CONVERSION = YES_AGGRESSIVE;
				CLANG_CXX_LANGUAGE_STANDARD = "gnu++17";
				CLANG_ENABLE_MODULES = YES;
				CLANG_ENABLE_OBJC_ARC = YES;
				CLANG_ENABLE_OBJC_WEAK = YES;
				CLANG_WARN_BLOCK_CAPTURE_AUTORELEASING = YES;
				CLANG_WARN_BOOL_CONVERSION = YES;
				CLANG_WARN_COMMA = YES;
				CLANG_WARN_CONSTANT_CONVERSION = YES;
				CLANG_WARN_DEPRECATED_OBJC_IMPLEMENTATIONS = YES;
				CLANG_WARN_DIRECT_OBJC_ISA_USAGE = YES_ERROR;
				CLANG_WARN_DOCUMENTATION_COMMENTS = YES;
				CLANG_WARN_EMPTY_BODY = YES;
				CLANG_WARN_ENUM_CONVERSION = YES;
				CLANG_WARN_INFINITE_RECURSION = YES;
				CLANG_WARN_INT_CONVERSION = YES;
				CLANG_WARN_NON_LITERAL_NULL_CONVERSION = YES;
				CLANG_WARN_OBJC_IMPLICIT_RETAIN_SELF = YES;
				CLANG_WARN_OBJC_LITERAL_CONVERSION = YES;
				CLANG_WARN_OBJC_ROOT_CLASS = YES_ERROR;
				CLANG_WARN_QUOTED_INCLUDE_IN_FRAMEWORK_HEADER = YES;
				CLANG_WARN_RANGE_LOOP_ANALYSIS = YES;
				CLANG_WARN_STRICT_PROTOTYPES = YES;
				CLANG_WARN_SUSPICIOUS_MOVE = YES;
				CLANG_WARN_UNGUARDED_AVAILABILITY = YES_AGGRESSIVE;
				CLANG_WARN_UNREACHABLE_CODE = YES;
				CLANG_WARN__DUPLICATE_METHOD_MATCH = YES;
				COPY_PHASE_STRIP = NO;
				DEBUG_INFORMATION_FORMAT = dwarf;
				ENABLE_STRICT_OBJC_MSGSEND = YES;
				ENABLE_TESTABILITY = YES;
				GCC_C_LANGUAGE_STANDARD = gnu11;
				GCC_DYNAMIC_NO_PIC = NO;
				GCC_NO_COMMON_BLOCKS = YES;
				GCC_OPTIMIZATION_LEVEL = 0;
				GCC_PREPROCESSOR_DEFINITIONS = (
					"DEBUG=1",
					"$(inherited)",
				);
				GCC_WARN_64_TO_32_BIT_CONVERSION = YES;
				GCC_WARN_ABOUT_RETURN_TYPE = YES_ERROR;
				GCC_WARN_UNDECLARED_SELECTOR = YES;
				GCC_WARN_UNINITIALIZED_AUTOS = YES_AGGRESSIVE;
				GCC_WARN_UNUSED_FUNCTION = YES;
				GCC_WARN_UNUSED_VARIABLE = YES;
				IPHONEOS_DEPLOYMENT_TARGET = 15.5;
				MTL_ENABLE_DEBUG_INFO = INCLUDE_SOURCE;
				MTL_FAST_MATH = YES;
				ONLY_ACTIVE_ARCH = YES;
				SDKROOT = iphoneos;
				SWIFT_ACTIVE_COMPILATION_CONDITIONS = DEBUG;
				SWIFT_OPTIMIZATION_LEVEL = "-Onone";
			};
			name = Debug;
		};
		51860B062A5546B1006B26A3 /* Release */ = {
			isa = XCBuildConfiguration;
			buildSettings = {
				ALWAYS_SEARCH_USER_PATHS = NO;
				CLANG_ANALYZER_NONNULL = YES;
				CLANG_ANALYZER_NUMBER_OBJECT_CONVERSION = YES_AGGRESSIVE;
				CLANG_CXX_LANGUAGE_STANDARD = "gnu++17";
				CLANG_ENABLE_MODULES = YES;
				CLANG_ENABLE_OBJC_ARC = YES;
				CLANG_ENABLE_OBJC_WEAK = YES;
				CLANG_WARN_BLOCK_CAPTURE_AUTORELEASING = YES;
				CLANG_WARN_BOOL_CONVERSION = YES;
				CLANG_WARN_COMMA = YES;
				CLANG_WARN_CONSTANT_CONVERSION = YES;
				CLANG_WARN_DEPRECATED_OBJC_IMPLEMENTATIONS = YES;
				CLANG_WARN_DIRECT_OBJC_ISA_USAGE = YES_ERROR;
				CLANG_WARN_DOCUMENTATION_COMMENTS = YES;
				CLANG_WARN_EMPTY_BODY = YES;
				CLANG_WARN_ENUM_CONVERSION = YES;
				CLANG_WARN_INFINITE_RECURSION = YES;
				CLANG_WARN_INT_CONVERSION = YES;
				CLANG_WARN_NON_LITERAL_NULL_CONVERSION = YES;
				CLANG_WARN_OBJC_IMPLICIT_RETAIN_SELF = YES;
				CLANG_WARN_OBJC_LITERAL_CONVERSION = YES;
				CLANG_WARN_OBJC_ROOT_CLASS = YES_ERROR;
				CLANG_WARN_QUOTED_INCLUDE_IN_FRAMEWORK_HEADER = YES;
				CLANG_WARN_RANGE_LOOP_ANALYSIS = YES;
				CLANG_WARN_STRICT_PROTOTYPES = YES;
				CLANG_WARN_SUSPICIOUS_MOVE = YES;
				CLANG_WARN_UNGUARDED_AVAILABILITY = YES_AGGRESSIVE;
				CLANG_WARN_UNREACHABLE_CODE = YES;
				CLANG_WARN__DUPLICATE_METHOD_MATCH = YES;
				COPY_PHASE_STRIP = NO;
				DEBUG_INFORMATION_FORMAT = "dwarf-with-dsym";
				ENABLE_NS_ASSERTIONS = NO;
				ENABLE_STRICT_OBJC_MSGSEND = YES;
				GCC_C_LANGUAGE_STANDARD = gnu11;
				GCC_NO_COMMON_BLOCKS = YES;
				GCC_WARN_64_TO_32_BIT_CONVERSION = YES;
				GCC_WARN_ABOUT_RETURN_TYPE = YES_ERROR;
				GCC_WARN_UNDECLARED_SELECTOR = YES;
				GCC_WARN_UNINITIALIZED_AUTOS = YES_AGGRESSIVE;
				GCC_WARN_UNUSED_FUNCTION = YES;
				GCC_WARN_UNUSED_VARIABLE = YES;
				IPHONEOS_DEPLOYMENT_TARGET = 15.5;
				MTL_ENABLE_DEBUG_INFO = NO;
				MTL_FAST_MATH = YES;
				SDKROOT = iphoneos;
				SWIFT_COMPILATION_MODE = wholemodule;
				SWIFT_OPTIMIZATION_LEVEL = "-O";
				VALIDATE_PRODUCT = YES;
			};
			name = Release;
		};
		51860B082A5546B1006B26A3 /* Debug */ = {
			isa = XCBuildConfiguration;
			buildSettings = {
				ASSETCATALOG_COMPILER_APPICON_NAME = AppIcon;
				ASSETCATALOG_COMPILER_GLOBAL_ACCENT_COLOR_NAME = AccentColor;
				CODE_SIGN_STYLE = Automatic;
				CURRENT_PROJECT_VERSION = 1;
				DEVELOPMENT_TEAM = M5JCS9BP69;
				GENERATE_INFOPLIST_FILE = YES;
				INFOPLIST_FILE = RickAndMorty/Info.plist;
				INFOPLIST_KEY_UIApplicationSupportsIndirectInputEvents = YES;
				INFOPLIST_KEY_UILaunchStoryboardName = LaunchScreen;
				INFOPLIST_KEY_UISupportedInterfaceOrientations_iPad = "UIInterfaceOrientationPortrait UIInterfaceOrientationPortraitUpsideDown UIInterfaceOrientationLandscapeLeft UIInterfaceOrientationLandscapeRight";
				INFOPLIST_KEY_UISupportedInterfaceOrientations_iPhone = "UIInterfaceOrientationPortrait UIInterfaceOrientationLandscapeLeft UIInterfaceOrientationLandscapeRight";
				LD_RUNPATH_SEARCH_PATHS = (
					"$(inherited)",
					"@executable_path/Frameworks",
				);
				MARKETING_VERSION = 1.0;
				PRODUCT_BUNDLE_IDENTIFIER = com.salehmasum.RickAndMorty;
				PRODUCT_NAME = "$(TARGET_NAME)";
				SWIFT_EMIT_LOC_STRINGS = YES;
				SWIFT_VERSION = 5.0;
				TARGETED_DEVICE_FAMILY = "1,2";
			};
			name = Debug;
		};
		51860B092A5546B1006B26A3 /* Release */ = {
			isa = XCBuildConfiguration;
			buildSettings = {
				ASSETCATALOG_COMPILER_APPICON_NAME = AppIcon;
				ASSETCATALOG_COMPILER_GLOBAL_ACCENT_COLOR_NAME = AccentColor;
				CODE_SIGN_STYLE = Automatic;
				CURRENT_PROJECT_VERSION = 1;
				DEVELOPMENT_TEAM = M5JCS9BP69;
				GENERATE_INFOPLIST_FILE = YES;
				INFOPLIST_FILE = RickAndMorty/Info.plist;
				INFOPLIST_KEY_UIApplicationSupportsIndirectInputEvents = YES;
				INFOPLIST_KEY_UILaunchStoryboardName = LaunchScreen;
				INFOPLIST_KEY_UISupportedInterfaceOrientations_iPad = "UIInterfaceOrientationPortrait UIInterfaceOrientationPortraitUpsideDown UIInterfaceOrientationLandscapeLeft UIInterfaceOrientationLandscapeRight";
				INFOPLIST_KEY_UISupportedInterfaceOrientations_iPhone = "UIInterfaceOrientationPortrait UIInterfaceOrientationLandscapeLeft UIInterfaceOrientationLandscapeRight";
				LD_RUNPATH_SEARCH_PATHS = (
					"$(inherited)",
					"@executable_path/Frameworks",
				);
				MARKETING_VERSION = 1.0;
				PRODUCT_BUNDLE_IDENTIFIER = com.salehmasum.RickAndMorty;
				PRODUCT_NAME = "$(TARGET_NAME)";
				SWIFT_EMIT_LOC_STRINGS = YES;
				SWIFT_VERSION = 5.0;
				TARGETED_DEVICE_FAMILY = "1,2";
			};
			name = Release;
		};
/* End XCBuildConfiguration section */

/* Begin XCConfigurationList section */
		51860AEE2A5546AC006B26A3 /* Build configuration list for PBXProject "RickAndMorty" */ = {
			isa = XCConfigurationList;
			buildConfigurations = (
				51860B052A5546B1006B26A3 /* Debug */,
				51860B062A5546B1006B26A3 /* Release */,
			);
			defaultConfigurationIsVisible = 0;
			defaultConfigurationName = Release;
		};
		51860B072A5546B1006B26A3 /* Build configuration list for PBXNativeTarget "RickAndMorty" */ = {
			isa = XCConfigurationList;
			buildConfigurations = (
				51860B082A5546B1006B26A3 /* Debug */,
				51860B092A5546B1006B26A3 /* Release */,
			);
			defaultConfigurationIsVisible = 0;
			defaultConfigurationName = Release;
		};
/* End XCConfigurationList section */
	};
	rootObject = 51860AEB2A5546AC006B26A3 /* Project object */;
}
